{
  "nodes": {
    "auspicious-autosave-nvim": {
      "flake": false,
      "locked": {
        "lastModified": 1761319491,
        "narHash": "sha256-ziEz6l9K6SWwCWTCC5y1OstTscxEufrnzKQbIHDUMnI=",
        "owner": "dkuettel",
        "repo": "auspicious-autosave.nvim",
        "rev": "594bb663b46c257095b33cd2b742c81367aa2ff9",
        "type": "github"
      },
      "original": {
        "owner": "dkuettel",
        "repo": "auspicious-autosave.nvim",
        "type": "github"
      }
    },
    "cmp-buffer-nvim": {
      "flake": false,
      "locked": {
        "lastModified": 1743497185,
        "narHash": "sha256-dG4U7MtnXThoa/PD+qFtCt76MQ14V1wX8GMYcvxEnbM=",
        "owner": "hrsh7th",
        "repo": "cmp-buffer",
        "rev": "b74fab3656eea9de20a9b8116afa3cfc4ec09657",
        "type": "github"
      },
      "original": {
        "owner": "hrsh7th",
        "repo": "cmp-buffer",
        "type": "github"
      }
    },
    "cmp-lsp-nvim": {
      "flake": false,
      "locked": {
        "lastModified": 1763018865,
        "narHash": "sha256-CYZdfAsJYQyW413fRvNbsS5uayuc6fKDvDLZ2Y7j3ZQ=",
        "owner": "hrsh7th",
        "repo": "cmp-nvim-lsp",
        "rev": "cbc7b02bb99fae35cb42f514762b89b5126651ef",
        "type": "github"
      },
      "original": {
        "owner": "hrsh7th",
        "repo": "cmp-nvim-lsp",
        "type": "github"
      }
    },
    "cmp-luasnip-nvim": {
      "flake": false,
      "locked": {
        "lastModified": 1730707109,
        "narHash": "sha256-86lKQPPyqFz8jzuLajjHMKHrYnwW6+QOcPyQEx6B+gw=",
        "owner": "saadparwaiz1",
        "repo": "cmp_luasnip",
        "rev": "98d9cb5c2c38532bd9bdb481067b20fea8f32e90",
        "type": "github"
      },
      "original": {
        "owner": "saadparwaiz1",
        "repo": "cmp_luasnip",
        "type": "github"
      }
    },
    "cmp-path-nvim": {
      "flake": false,
      "locked": {
        "lastModified": 1753844861,
        "narHash": "sha256-e4Rd2y1Wekp7aobpTGaUeoSBnlfIASDaBR8js5dh2Vw=",
        "owner": "hrsh7th",
        "repo": "cmp-path",
        "rev": "c642487086dbd9a93160e1679a1327be111cbc25",
        "type": "github"
      },
      "original": {
        "owner": "hrsh7th",
        "repo": "cmp-path",
        "type": "github"
      }
    },
    "comment-nvim": {
      "flake": false,
      "locked": {
        "lastModified": 1717957420,
        "narHash": "sha256-h0kPue5Eqd5aeu4VoLH45pF0DmWWo1d8SnLICSQ63zc=",
        "owner": "numToStr",
        "repo": "Comment.nvim",
        "rev": "e30b7f2008e52442154b66f7c519bfd2f1e32acb",
        "type": "github"
      },
      "original": {
        "owner": "numToStr",
        "repo": "Comment.nvim",
        "type": "github"
      }
    },
    "flake-utils": {
      "inputs": {
        "systems": "systems"
      },
      "locked": {
        "lastModified": 1731533236,
        "narHash": "sha256-l0KFg5HjrsfsO/JpG+r7fRrqm12kzFHyUHqHCVpMMbI=",
        "owner": "numtide",
        "repo": "flake-utils",
        "rev": "11707dc2f618dd54ca8739b309ec4fc024de578b",
        "type": "github"
      },
      "original": {
        "owner": "numtide",
        "repo": "flake-utils",
        "type": "github"
      }
    },
    "flake-utils_2": {
      "inputs": {
        "systems": "systems_2"
      },
      "locked": {
        "lastModified": 1731533236,
        "narHash": "sha256-l0KFg5HjrsfsO/JpG+r7fRrqm12kzFHyUHqHCVpMMbI=",
        "owner": "numtide",
        "repo": "flake-utils",
        "rev": "11707dc2f618dd54ca8739b309ec4fc024de578b",
        "type": "github"
      },
      "original": {
        "owner": "numtide",
        "repo": "flake-utils",
        "type": "github"
      }
    },
    "fugitive-nvim": {
      "flake": false,
      "locked": {
        "lastModified": 1752614839,
        "narHash": "sha256-u39oObHCXk8uew5HyVdV1Z69Viilv3B7x1SUJxYXYLo=",
        "owner": "tpope",
        "repo": "vim-fugitive",
        "rev": "61b51c09b7c9ce04e821f6cf76ea4f6f903e3cf4",
        "type": "github"
      },
      "original": {
        "owner": "tpope",
        "repo": "vim-fugitive",
        "type": "github"
      }
    },
    "funky-contexts-nvim": {
      "flake": false,
      "locked": {
        "lastModified": 1681225667,
        "narHash": "sha256-GsRgrc0v9pQ/rjMEJ5N7C5VX6HRaduC59tJUsg8eQ0E=",
        "owner": "dkuettel",
        "repo": "funky-contexts.nvim",
        "rev": "331af92dae135ba67523605d8534b3caf33cbe86",
        "type": "github"
      },
      "original": {
        "owner": "dkuettel",
        "repo": "funky-contexts.nvim",
        "type": "github"
      }
    },
    "funky-formatter-nvim": {
      "flake": false,
      "locked": {
        "lastModified": 1763214717,
        "narHash": "sha256-CuTMoWwumg4b6hznDxFUSWpknMf97e3Yv43ljJNx/cE=",
        "owner": "dkuettel",
        "repo": "funky-formatter.nvim",
        "rev": "66a4aafe2d63c7504b3d571f6b6c748eb54b53fe",
        "type": "github"
      },
      "original": {
        "owner": "dkuettel",
        "repo": "funky-formatter.nvim",
        "type": "github"
      }
    },
    "hop-nvim": {
      "flake": false,
      "locked": {
        "lastModified": 1755878401,
        "narHash": "sha256-gHRKkqAMrQmpPHEWGETj3KG0NqwCnlTT8z/cNmug/Xc=",
        "owner": "smoka7",
        "repo": "hop.nvim",
        "rev": "707049feaca9ae65abb3696eff9aefc7879e66aa",
        "type": "github"
      },
      "original": {
        "owner": "smoka7",
        "repo": "hop.nvim",
        "type": "github"
      }
    },
    "kmonad-vim": {
      "flake": false,
      "locked": {
        "lastModified": 1647812451,
        "narHash": "sha256-7PKVOsb3jvuGEnP/LsrDr96wFSQMou2dgnV+hRaI444=",
        "owner": "kmonad",
        "repo": "kmonad-vim",
        "rev": "37978445197ab00edeb5b731e9ca90c2b141723f",
        "type": "github"
      },
      "original": {
        "owner": "kmonad",
        "repo": "kmonad-vim",
        "type": "github"
      }
    },
    "lavish-layouts-nvim": {
      "flake": false,
      "locked": {
        "lastModified": 1759009132,
        "narHash": "sha256-kMvgnFzYlRsai+r+vEn8icSYlQzxjHO4iV+Ey2bYyek=",
        "owner": "dkuettel",
        "repo": "lavish-layouts.nvim",
        "rev": "4fb6e3353582b91550e444df1adda338555f28c1",
        "type": "github"
      },
      "original": {
        "owner": "dkuettel",
        "repo": "lavish-layouts.nvim",
        "type": "github"
      }
    },
    "lspkind-nvim": {
      "flake": false,
      "locked": {
        "lastModified": 1758179657,
        "narHash": "sha256-TVKYttrJrEgKfQaEsVGDQH/1i5vr0B3sJIJ4wtQWzns=",
        "owner": "onsails",
        "repo": "lspkind.nvim",
        "rev": "3ddd1b4edefa425fda5a9f95a4f25578727c0bb3",
        "type": "github"
      },
      "original": {
        "owner": "onsails",
        "repo": "lspkind.nvim",
        "type": "github"
      }
    },
    "lualine-nvim": {
      "flake": false,
      "locked": {
        "lastModified": 1763865090,
        "narHash": "sha256-OpLZH+sL5cj2rcP5/T+jDOnuxd1QWLHCt2RzloffZOA=",
        "owner": "nvim-lualine",
        "repo": "lualine.nvim",
        "rev": "47f91c416daef12db467145e16bed5bbfe00add8",
        "type": "github"
      },
      "original": {
        "owner": "nvim-lualine",
        "repo": "lualine.nvim",
        "type": "github"
      }
    },
    "luasnip-nvim": {
      "flake": false,
      "locked": {
        "lastModified": 1762213057,
        "narHash": "sha256-Pil9m8zN3XzMtPT8spdr78dzkMW7dcpVnbWzie6524A=",
        "owner": "L3MON4D3",
        "repo": "LuaSnip",
        "rev": "3732756842a2f7e0e76a7b0487e9692072857277",
        "type": "github"
      },
      "original": {
        "owner": "L3MON4D3",
        "repo": "LuaSnip",
        "type": "github"
      }
    },
    "nightfox-nvim": {
      "flake": false,
      "locked": {
        "lastModified": 1739121671,
        "narHash": "sha256-HoZEwncrUnypWxyB+XR0UQDv+tNu1/NbvimxYGb7qu8=",
        "owner": "EdenEast",
        "repo": "nightfox.nvim",
        "rev": "ba47d4b4c5ec308718641ba7402c143836f35aa9",
        "type": "github"
      },
      "original": {
        "owner": "EdenEast",
        "repo": "nightfox.nvim",
        "type": "github"
      }
    },
    "nixpkgs": {
      "locked": {
        "lastModified": 1763618868,
        "narHash": "sha256-v5afmLjn/uyD9EQuPBn7nZuaZVV9r+JerayK/4wvdWA=",
        "owner": "nixos",
        "repo": "nixpkgs",
        "rev": "a8d610af3f1a5fb71e23e08434d8d61a466fc942",
        "type": "github"
      },
      "original": {
        "owner": "nixos",
        "ref": "nixpkgs-unstable",
        "repo": "nixpkgs",
        "type": "github"
      }
    },
    "nixpkgs_2": {
      "locked": {
        "lastModified": 1753345091,
        "narHash": "sha256-CdX2Rtvp5I8HGu9swBmYuq+ILwRxpXdJwlpg8jvN4tU=",
        "owner": "nixos",
        "repo": "nixpkgs",
        "rev": "3ff0e34b1383648053bba8ed03f201d3466f90c9",
        "type": "github"
      },
      "original": {
        "owner": "nixos",
        "ref": "nixos-25.05",
        "repo": "nixpkgs",
        "type": "github"
      }
    },
    "nvim-lspconfig": {
      "flake": false,
      "locked": {
        "lastModified": 1763880753,
        "narHash": "sha256-huuWVUKo6CmxjXYRnGv8tUs+7bo85gNyL8vVnreiTAU=",
        "owner": "neovim",
        "repo": "nvim-lspconfig",
        "rev": "30a2b191bccf541ce1797946324c9329e90ec448",
        "type": "github"
      },
      "original": {
        "owner": "neovim",
        "repo": "nvim-lspconfig",
        "type": "github"
      }
    },
    "ptags-nvim": {
      "inputs": {
        "flake-utils": "flake-utils_2",
        "nixpkgs": "nixpkgs_2",
        "pyproject-build-systems": "pyproject-build-systems",
        "pyproject-nix": "pyproject-nix",
        "uv2nix": "uv2nix"
      },
      "locked": {
        "lastModified": 1757769180,
        "narHash": "sha256-vnJTDA3aWTciHmL5XvgF+OeQlWixQTiTIT1xjFuPnmw=",
        "owner": "dkuettel",
        "repo": "ptags.nvim",
        "rev": "1044936923bb1ec38a219cd7706db95cb1f1793c",
        "type": "github"
      },
      "original": {
        "owner": "dkuettel",
        "repo": "ptags.nvim",
        "type": "github"
      }
    },
    "pyproject-build-systems": {
      "inputs": {
        "nixpkgs": [
          "ptags-nvim",
          "nixpkgs"
        ],
        "pyproject-nix": [
          "ptags-nvim",
          "pyproject-nix"
        ],
        "uv2nix": [
          "ptags-nvim",
          "uv2nix"
        ]
      },
      "locked": {
        "lastModified": 1753063383,
        "narHash": "sha256-H+gLv6424OjJSD+l1OU1ejxkN/v0U+yaoQdh2huCXYI=",
        "owner": "pyproject-nix",
        "repo": "build-system-pkgs",
        "rev": "45888b7fd4bf36c57acc55f07917bdf49ec89ec9",
        "type": "github"
      },
      "original": {
        "owner": "pyproject-nix",
        "repo": "build-system-pkgs",
        "type": "github"
      }
    },
    "pyproject-nix": {
      "inputs": {
        "nixpkgs": [
          "ptags-nvim",
          "nixpkgs"
        ]
      },
      "locked": {
        "lastModified": 1753063596,
        "narHash": "sha256-el1vFxDk6DR2hKGYnMfQHR7+K4aMiJDKQRMP3gdh+ZI=",
        "owner": "pyproject-nix",
        "repo": "pyproject.nix",
        "rev": "cac90713492f23be5f1072bae88406890b9c68f6",
        "type": "github"
      },
      "original": {
        "owner": "pyproject-nix",
        "repo": "pyproject.nix",
        "type": "github"
      }
    },
    "resty-vim": {
      "flake": false,
      "locked": {
        "lastModified": 1755454338,
        "narHash": "sha256-7CABjYC4QWFMWY3OybaqRMG5YN/gtBnntJzNeE2UJXs=",
        "owner": "lima1909",
        "repo": "resty.nvim",
        "rev": "1d03fa71616fc1d9bf412eb10ce7d08412bd9fd4",
        "type": "github"
      },
      "original": {
        "owner": "lima1909",
        "repo": "resty.nvim",
        "type": "github"
      }
    },
    "root": {
      "inputs": {
        "auspicious-autosave-nvim": "auspicious-autosave-nvim",
        "cmp-buffer-nvim": "cmp-buffer-nvim",
        "cmp-lsp-nvim": "cmp-lsp-nvim",
        "cmp-luasnip-nvim": "cmp-luasnip-nvim",
        "cmp-path-nvim": "cmp-path-nvim",
        "comment-nvim": "comment-nvim",
        "flake-utils": "flake-utils",
        "fugitive-nvim": "fugitive-nvim",
        "funky-contexts-nvim": "funky-contexts-nvim",
        "funky-formatter-nvim": "funky-formatter-nvim",
        "hop-nvim": "hop-nvim",
        "kmonad-vim": "kmonad-vim",
        "lavish-layouts-nvim": "lavish-layouts-nvim",
        "lspkind-nvim": "lspkind-nvim",
        "lualine-nvim": "lualine-nvim",
        "luasnip-nvim": "luasnip-nvim",
        "nightfox-nvim": "nightfox-nvim",
        "nixpkgs": "nixpkgs",
        "nvim-lspconfig": "nvim-lspconfig",
        "ptags-nvim": "ptags-nvim",
        "resty-vim": "resty-vim",
        "telescope-fzf-native-nvim": "telescope-fzf-native-nvim",
        "telescope-hop-nvim": "telescope-hop-nvim",
        "telescope-nvim": "telescope-nvim",
        "telescope-ui-select-nvim": "telescope-ui-select-nvim",
        "web-devicons-nvim": "web-devicons-nvim"
      }
    },
    "systems": {
      "locked": {
        "lastModified": 1681028828,
        "narHash": "sha256-Vy1rq5AaRuLzOxct8nz4T6wlgyUR7zLU309k9mBC768=",
        "owner": "nix-systems",
        "repo": "default",
        "rev": "da67096a3b9bf56a91d16901293e51ba5b49a27e",
        "type": "github"
      },
      "original": {
        "owner": "nix-systems",
        "repo": "default",
        "type": "github"
      }
    },
    "systems_2": {
      "locked": {
        "lastModified": 1681028828,
        "narHash": "sha256-Vy1rq5AaRuLzOxct8nz4T6wlgyUR7zLU309k9mBC768=",
        "owner": "nix-systems",
        "repo": "default",
        "rev": "da67096a3b9bf56a91d16901293e51ba5b49a27e",
        "type": "github"
      },
      "original": {
        "owner": "nix-systems",
        "repo": "default",
        "type": "github"
      }
    },
    "telescope-fzf-native-nvim": {
      "flake": false,
      "locked": {
        "lastModified": 1762521376,
        "narHash": "sha256-ChEM4jJonAE4qXd/dgTu2mdlpNBj5rEdpA8TgR38oRM=",
        "owner": "nvim-telescope",
        "repo": "telescope-fzf-native.nvim",
        "rev": "6fea601bd2b694c6f2ae08a6c6fab14930c60e2c",
        "type": "github"
      },
      "original": {
        "owner": "nvim-telescope",
        "repo": "telescope-fzf-native.nvim",
        "type": "github"
      }
    },
    "telescope-hop-nvim": {
      "flake": false,
      "locked": {
        "lastModified": 1636109078,
        "narHash": "sha256-OtCSjglHdXKj9EqnaTzw+4/L+op/lJ82CxlvxPLsee8=",
        "owner": "nvim-telescope",
        "repo": "telescope-hop.nvim",
        "rev": "337a1e9f08f972ebf7a7d26251577812ebaadc78",
        "type": "github"
      },
      "original": {
        "owner": "nvim-telescope",
        "repo": "telescope-hop.nvim",
        "type": "github"
      }
    },
    "telescope-nvim": {
      "flake": false,
      "locked": {
        "lastModified": 1763414201,
        "narHash": "sha256-6hrylUCc6KlcbnMgcJNJhbX2Cgu0YHKoMPOqpaKRljE=",
        "owner": "nvim-telescope",
        "repo": "telescope.nvim",
        "rev": "83a3a713d6b2d2a408491a1b959e55a7fa8678e8",
        "type": "github"
      },
      "original": {
        "owner": "nvim-telescope",
        "repo": "telescope.nvim",
        "type": "github"
      }
    },
    "telescope-ui-select-nvim": {
      "flake": false,
      "locked": {
        "lastModified": 1701723223,
        "narHash": "sha256-YRhNmmG4gx9Ht8JwjQfbTjJyTHEuZmtP6lqnhOsk8bE=",
        "owner": "nvim-telescope",
        "repo": "telescope-ui-select.nvim",
        "rev": "6e51d7da30bd139a6950adf2a47fda6df9fa06d2",
        "type": "github"
      },
      "original": {
        "owner": "nvim-telescope",
        "repo": "telescope-ui-select.nvim",
        "type": "github"
      }
    },
    "uv2nix": {
      "inputs": {
        "nixpkgs": [
          "ptags-nvim",
          "nixpkgs"
        ],
        "pyproject-nix": [
          "ptags-nvim",
          "pyproject-nix"
        ]
      },
      "locked": {
        "lastModified": 1753400079,
        "narHash": "sha256-VC76rfCgtaKPopaLOyAEZ80bpOTQDr7wEZRUCMjoacE=",
        "owner": "pyproject-nix",
        "repo": "uv2nix",
        "rev": "350ae196e0e414c03db118d385eabaf50e2a0a53",
        "type": "github"
      },
      "original": {
        "owner": "pyproject-nix",
        "repo": "uv2nix",
        "type": "github"
      }
    },
    "web-devicons-nvim": {
      "flake": false,
      "locked": {
        "lastModified": 1761440007,
        "narHash": "sha256-klBjUtj0AvarN5a6O8Hh2t5BuOTe/m3ps2cHnlxVJvE=",
        "owner": "nvim-tree",
        "repo": "nvim-web-devicons",
        "rev": "8dcb311b0c92d460fac00eac706abd43d94d68af",
        "type": "github"
      },
      "original": {
        "owner": "nvim-tree",
        "repo": "nvim-web-devicons",
        "type": "github"
      }
    }
  },
  "root": "root",
  "version": 7
}
