{
  "nodes": {
    "auspicious-autosave-nvim": {
      "flake": false,
      "locked": {
        "lastModified": 1760183626,
        "narHash": "sha256-Pp9HLDJtvj77jVJP3tZ0+zSmeN4GNyQI0saD/qI5Py0=",
        "owner": "dkuettel",
        "repo": "auspicious-autosave.nvim",
        "rev": "0e118049b2cb5a5c17d9f2210dce780d38873290",
        "type": "github"
      },
      "original": {
        "owner": "dkuettel",
        "repo": "auspicious-autosave.nvim",
        "type": "github"
      }
    },
    "cmp-buffer-nvim": {
      "flake": false,
      "locked": {
        "lastModified": 1743497185,
        "narHash": "sha256-dG4U7MtnXThoa/PD+qFtCt76MQ14V1wX8GMYcvxEnbM=",
        "owner": "hrsh7th",
        "repo": "cmp-buffer",
        "rev": "b74fab3656eea9de20a9b8116afa3cfc4ec09657",
        "type": "github"
      },
      "original": {
        "owner": "hrsh7th",
        "repo": "cmp-buffer",
        "type": "github"
      }
    },
    "cmp-lsp-nvim": {
      "flake": false,
      "locked": {
        "lastModified": 1755085771,
        "narHash": "sha256-X1rppwf2xBPrmB93ptXukOnEBDZmfjJd4F5ObNa1DHs=",
        "owner": "hrsh7th",
        "repo": "cmp-nvim-lsp",
        "rev": "bd5a7d6db125d4654b50eeae9f5217f24bb22fd3",
        "type": "github"
      },
      "original": {
        "owner": "hrsh7th",
        "repo": "cmp-nvim-lsp",
        "type": "github"
      }
    },
    "cmp-luasnip-nvim": {
      "flake": false,
      "locked": {
        "lastModified": 1730707109,
        "narHash": "sha256-86lKQPPyqFz8jzuLajjHMKHrYnwW6+QOcPyQEx6B+gw=",
        "owner": "saadparwaiz1",
        "repo": "cmp_luasnip",
        "rev": "98d9cb5c2c38532bd9bdb481067b20fea8f32e90",
        "type": "github"
      },
      "original": {
        "owner": "saadparwaiz1",
        "repo": "cmp_luasnip",
        "type": "github"
      }
    },
    "cmp-path-nvim": {
      "flake": false,
      "locked": {
        "lastModified": 1753844861,
        "narHash": "sha256-e4Rd2y1Wekp7aobpTGaUeoSBnlfIASDaBR8js5dh2Vw=",
        "owner": "hrsh7th",
        "repo": "cmp-path",
        "rev": "c642487086dbd9a93160e1679a1327be111cbc25",
        "type": "github"
      },
      "original": {
        "owner": "hrsh7th",
        "repo": "cmp-path",
        "type": "github"
      }
    },
    "comment-nvim": {
      "flake": false,
      "locked": {
        "lastModified": 1717957420,
        "narHash": "sha256-h0kPue5Eqd5aeu4VoLH45pF0DmWWo1d8SnLICSQ63zc=",
        "owner": "numToStr",
        "repo": "Comment.nvim",
        "rev": "e30b7f2008e52442154b66f7c519bfd2f1e32acb",
        "type": "github"
      },
      "original": {
        "owner": "numToStr",
        "repo": "Comment.nvim",
        "type": "github"
      }
    },
    "flake-compat": {
      "flake": false,
      "locked": {
        "lastModified": 1747046372,
        "narHash": "sha256-CIVLLkVgvHYbgI2UpXvIIBJ12HWgX+fjA8Xf8PUmqCY=",
        "owner": "edolstra",
        "repo": "flake-compat",
        "rev": "9100a0f413b0c601e0533d1d94ffd501ce2e7885",
        "type": "github"
      },
      "original": {
        "owner": "edolstra",
        "repo": "flake-compat",
        "type": "github"
      }
    },
    "flake-compat_2": {
      "flake": false,
      "locked": {
        "lastModified": 1747046372,
        "narHash": "sha256-CIVLLkVgvHYbgI2UpXvIIBJ12HWgX+fjA8Xf8PUmqCY=",
        "owner": "edolstra",
        "repo": "flake-compat",
        "rev": "9100a0f413b0c601e0533d1d94ffd501ce2e7885",
        "type": "github"
      },
      "original": {
        "owner": "edolstra",
        "repo": "flake-compat",
        "type": "github"
      }
    },
    "flake-compat_3": {
      "flake": false,
      "locked": {
        "lastModified": 1747046372,
        "narHash": "sha256-CIVLLkVgvHYbgI2UpXvIIBJ12HWgX+fjA8Xf8PUmqCY=",
        "owner": "edolstra",
        "repo": "flake-compat",
        "rev": "9100a0f413b0c601e0533d1d94ffd501ce2e7885",
        "type": "github"
      },
      "original": {
        "owner": "edolstra",
        "repo": "flake-compat",
        "type": "github"
      }
    },
    "flake-compat_4": {
      "flake": false,
      "locked": {
        "lastModified": 1747046372,
        "narHash": "sha256-CIVLLkVgvHYbgI2UpXvIIBJ12HWgX+fjA8Xf8PUmqCY=",
        "owner": "edolstra",
        "repo": "flake-compat",
        "rev": "9100a0f413b0c601e0533d1d94ffd501ce2e7885",
        "type": "github"
      },
      "original": {
        "owner": "edolstra",
        "repo": "flake-compat",
        "type": "github"
      }
    },
    "flake-parts": {
      "inputs": {
        "nixpkgs-lib": "nixpkgs-lib"
      },
      "locked": {
        "lastModified": 1760813311,
        "narHash": "sha256-lbHQ7FXGzt6/IygWvJ1lCq+Txcut3xYYd6VIpF1ojkg=",
        "owner": "hercules-ci",
        "repo": "flake-parts",
        "rev": "4e627ac2e1b8f1de7f5090064242de9a259dbbc8",
        "type": "github"
      },
      "original": {
        "owner": "hercules-ci",
        "repo": "flake-parts",
        "type": "github"
      }
    },
    "flake-parts_2": {
      "inputs": {
        "nixpkgs-lib": [
          "rustacean-nvim",
          "neorocks",
          "neovim-nightly",
          "nixpkgs"
        ]
      },
      "locked": {
        "lastModified": 1759362264,
        "narHash": "sha256-wfG0S7pltlYyZTM+qqlhJ7GMw2fTF4mLKCIVhLii/4M=",
        "owner": "hercules-ci",
        "repo": "flake-parts",
        "rev": "758cf7296bee11f1706a574c77d072b8a7baa881",
        "type": "github"
      },
      "original": {
        "owner": "hercules-ci",
        "repo": "flake-parts",
        "type": "github"
      }
    },
    "flake-utils": {
      "inputs": {
        "systems": "systems"
      },
      "locked": {
        "lastModified": 1731533236,
        "narHash": "sha256-l0KFg5HjrsfsO/JpG+r7fRrqm12kzFHyUHqHCVpMMbI=",
        "owner": "numtide",
        "repo": "flake-utils",
        "rev": "11707dc2f618dd54ca8739b309ec4fc024de578b",
        "type": "github"
      },
      "original": {
        "owner": "numtide",
        "repo": "flake-utils",
        "type": "github"
      }
    },
    "flake-utils_2": {
      "inputs": {
        "systems": "systems_2"
      },
      "locked": {
        "lastModified": 1731533236,
        "narHash": "sha256-l0KFg5HjrsfsO/JpG+r7fRrqm12kzFHyUHqHCVpMMbI=",
        "owner": "numtide",
        "repo": "flake-utils",
        "rev": "11707dc2f618dd54ca8739b309ec4fc024de578b",
        "type": "github"
      },
      "original": {
        "owner": "numtide",
        "repo": "flake-utils",
        "type": "github"
      }
    },
    "fugitive-nvim": {
      "flake": false,
      "locked": {
        "lastModified": 1752614839,
        "narHash": "sha256-u39oObHCXk8uew5HyVdV1Z69Viilv3B7x1SUJxYXYLo=",
        "owner": "tpope",
        "repo": "vim-fugitive",
        "rev": "61b51c09b7c9ce04e821f6cf76ea4f6f903e3cf4",
        "type": "github"
      },
      "original": {
        "owner": "tpope",
        "repo": "vim-fugitive",
        "type": "github"
      }
    },
    "funky-contexts-nvim": {
      "flake": false,
      "locked": {
        "lastModified": 1681225667,
        "narHash": "sha256-GsRgrc0v9pQ/rjMEJ5N7C5VX6HRaduC59tJUsg8eQ0E=",
        "owner": "dkuettel",
        "repo": "funky-contexts.nvim",
        "rev": "331af92dae135ba67523605d8534b3caf33cbe86",
        "type": "github"
      },
      "original": {
        "owner": "dkuettel",
        "repo": "funky-contexts.nvim",
        "type": "github"
      }
    },
    "funky-formatter-nvim": {
      "flake": false,
      "locked": {
        "lastModified": 1759063337,
        "narHash": "sha256-kjMT8e0ePVrWesFjUM2rT4gx7I96esBaxG8Kyjxvud0=",
        "owner": "dkuettel",
        "repo": "funky-formatter.nvim",
        "rev": "bcd9b889e4c5cc94a67c9285829abafdaf3e2112",
        "type": "github"
      },
      "original": {
        "owner": "dkuettel",
        "repo": "funky-formatter.nvim",
        "type": "github"
      }
    },
    "gen-luarc": {
      "inputs": {
        "flake-parts": [
          "rustacean-nvim",
          "flake-parts"
        ],
        "git-hooks": [
          "rustacean-nvim",
          "git-hooks"
        ],
        "luvit-meta": "luvit-meta",
        "nixpkgs": [
          "rustacean-nvim",
          "nixpkgs"
        ]
      },
      "locked": {
        "lastModified": 1755304025,
        "narHash": "sha256-xVKfjFwc0zMbLMjLTiHz+0llggkjs93SmHkhaa9S3M4=",
        "owner": "mrcjkb",
        "repo": "nix-gen-luarc-json",
        "rev": "1865b0ebb753ae5324d7381b1fa8c98c04ec7509",
        "type": "github"
      },
      "original": {
        "owner": "mrcjkb",
        "repo": "nix-gen-luarc-json",
        "type": "github"
      }
    },
    "git-hooks": {
      "inputs": {
        "flake-compat": "flake-compat",
        "gitignore": "gitignore",
        "nixpkgs": [
          "rustacean-nvim",
          "nixpkgs"
        ]
      },
      "locked": {
        "lastModified": 1760663237,
        "narHash": "sha256-BflA6U4AM1bzuRMR8QqzPXqh8sWVCNDzOdsxXEguJIc=",
        "owner": "cachix",
        "repo": "git-hooks.nix",
        "rev": "ca5b894d3e3e151ffc1db040b6ce4dcc75d31c37",
        "type": "github"
      },
      "original": {
        "owner": "cachix",
        "repo": "git-hooks.nix",
        "type": "github"
      }
    },
    "git-hooks_2": {
      "inputs": {
        "flake-compat": "flake-compat_4",
        "gitignore": "gitignore_2",
        "nixpkgs": [
          "rustacean-nvim",
          "neorocks",
          "neovim-nightly",
          "nixpkgs"
        ]
      },
      "locked": {
        "lastModified": 1760663237,
        "narHash": "sha256-BflA6U4AM1bzuRMR8QqzPXqh8sWVCNDzOdsxXEguJIc=",
        "owner": "cachix",
        "repo": "git-hooks.nix",
        "rev": "ca5b894d3e3e151ffc1db040b6ce4dcc75d31c37",
        "type": "github"
      },
      "original": {
        "owner": "cachix",
        "repo": "git-hooks.nix",
        "type": "github"
      }
    },
    "gitignore": {
      "inputs": {
        "nixpkgs": [
          "rustacean-nvim",
          "git-hooks",
          "nixpkgs"
        ]
      },
      "locked": {
        "lastModified": 1709087332,
        "narHash": "sha256-HG2cCnktfHsKV0s4XW83gU3F57gaTljL9KNSuG6bnQs=",
        "owner": "hercules-ci",
        "repo": "gitignore.nix",
        "rev": "637db329424fd7e46cf4185293b9cc8c88c95394",
        "type": "github"
      },
      "original": {
        "owner": "hercules-ci",
        "repo": "gitignore.nix",
        "type": "github"
      }
    },
    "gitignore_2": {
      "inputs": {
        "nixpkgs": [
          "rustacean-nvim",
          "neorocks",
          "neovim-nightly",
          "git-hooks",
          "nixpkgs"
        ]
      },
      "locked": {
        "lastModified": 1709087332,
        "narHash": "sha256-HG2cCnktfHsKV0s4XW83gU3F57gaTljL9KNSuG6bnQs=",
        "owner": "hercules-ci",
        "repo": "gitignore.nix",
        "rev": "637db329424fd7e46cf4185293b9cc8c88c95394",
        "type": "github"
      },
      "original": {
        "owner": "hercules-ci",
        "repo": "gitignore.nix",
        "type": "github"
      }
    },
    "hercules-ci-effects": {
      "inputs": {
        "flake-parts": [
          "rustacean-nvim",
          "neorocks",
          "neovim-nightly",
          "flake-parts"
        ],
        "nixpkgs": [
          "rustacean-nvim",
          "neorocks",
          "neovim-nightly",
          "nixpkgs"
        ]
      },
      "locked": {
        "lastModified": 1758022363,
        "narHash": "sha256-ENUhCRWgSX4ni751HieNuQoq06dJvApV/Nm89kh+/A0=",
        "owner": "hercules-ci",
        "repo": "hercules-ci-effects",
        "rev": "1a3667d33e247ad35ca250698d63f49a5453d824",
        "type": "github"
      },
      "original": {
        "owner": "hercules-ci",
        "repo": "hercules-ci-effects",
        "type": "github"
      }
    },
    "hop-nvim": {
      "flake": false,
      "locked": {
        "lastModified": 1755878401,
        "narHash": "sha256-gHRKkqAMrQmpPHEWGETj3KG0NqwCnlTT8z/cNmug/Xc=",
        "owner": "smoka7",
        "repo": "hop.nvim",
        "rev": "707049feaca9ae65abb3696eff9aefc7879e66aa",
        "type": "github"
      },
      "original": {
        "owner": "smoka7",
        "repo": "hop.nvim",
        "type": "github"
      }
    },
    "kmonad-vim": {
      "flake": false,
      "locked": {
        "lastModified": 1647812451,
        "narHash": "sha256-7PKVOsb3jvuGEnP/LsrDr96wFSQMou2dgnV+hRaI444=",
        "owner": "kmonad",
        "repo": "kmonad-vim",
        "rev": "37978445197ab00edeb5b731e9ca90c2b141723f",
        "type": "github"
      },
      "original": {
        "owner": "kmonad",
        "repo": "kmonad-vim",
        "type": "github"
      }
    },
    "lavish-layouts-nvim": {
      "flake": false,
      "locked": {
        "lastModified": 1759009132,
        "narHash": "sha256-kMvgnFzYlRsai+r+vEn8icSYlQzxjHO4iV+Ey2bYyek=",
        "owner": "dkuettel",
        "repo": "lavish-layouts.nvim",
        "rev": "4fb6e3353582b91550e444df1adda338555f28c1",
        "type": "github"
      },
      "original": {
        "owner": "dkuettel",
        "repo": "lavish-layouts.nvim",
        "type": "github"
      }
    },
    "lspkind-nvim": {
      "flake": false,
      "locked": {
        "lastModified": 1758179657,
        "narHash": "sha256-TVKYttrJrEgKfQaEsVGDQH/1i5vr0B3sJIJ4wtQWzns=",
        "owner": "onsails",
        "repo": "lspkind.nvim",
        "rev": "3ddd1b4edefa425fda5a9f95a4f25578727c0bb3",
        "type": "github"
      },
      "original": {
        "owner": "onsails",
        "repo": "lspkind.nvim",
        "type": "github"
      }
    },
    "lualine-nvim": {
      "flake": false,
      "locked": {
        "lastModified": 1760596863,
        "narHash": "sha256-hdrAdG3hC2sAevQ6a9xizqPgEgnNKxuc5rBYn0pKM1c=",
        "owner": "nvim-lualine",
        "repo": "lualine.nvim",
        "rev": "3946f0122255bc377d14a59b27b609fb3ab25768",
        "type": "github"
      },
      "original": {
        "owner": "nvim-lualine",
        "repo": "lualine.nvim",
        "type": "github"
      }
    },
    "luasnip-nvim": {
      "flake": false,
      "locked": {
        "lastModified": 1760736668,
        "narHash": "sha256-kbzHXr3GMfiopTQsvHI8XNmF/ZZcTRzzYiHBn4FVvCo=",
        "owner": "L3MON4D3",
        "repo": "LuaSnip",
        "rev": "f958d9837c8fa7816bb8fb54977e658affc63c31",
        "type": "github"
      },
      "original": {
        "owner": "L3MON4D3",
        "repo": "LuaSnip",
        "type": "github"
      }
    },
    "luvit-meta": {
      "flake": false,
      "locked": {
        "lastModified": 1705776742,
        "narHash": "sha256-zAAptV/oLuLAAsa2zSB/6fxlElk4+jNZd/cPr9oxFig=",
        "owner": "Bilal2453",
        "repo": "luvit-meta",
        "rev": "ce76f6f6cdc9201523a5875a4471dcfe0186eb60",
        "type": "github"
      },
      "original": {
        "owner": "Bilal2453",
        "repo": "luvit-meta",
        "type": "github"
      }
    },
    "neorocks": {
      "inputs": {
        "flake-compat": "flake-compat_2",
        "flake-parts": [
          "rustacean-nvim",
          "flake-parts"
        ],
        "git-hooks": [
          "rustacean-nvim",
          "git-hooks"
        ],
        "neovim-nightly": "neovim-nightly",
        "nixpkgs": [
          "rustacean-nvim",
          "nixpkgs"
        ]
      },
      "locked": {
        "lastModified": 1760765290,
        "narHash": "sha256-3730lDdqRwDPl/HUxjbLQBj//lg/3u9A3UTxW2as0Jo=",
        "owner": "nvim-neorocks",
        "repo": "neorocks",
        "rev": "855880441604002594c1bd1db30c0190a6d565f9",
        "type": "github"
      },
      "original": {
        "owner": "nvim-neorocks",
        "repo": "neorocks",
        "type": "github"
      }
    },
    "neovim-nightly": {
      "inputs": {
        "flake-compat": "flake-compat_3",
        "flake-parts": "flake-parts_2",
        "git-hooks": "git-hooks_2",
        "hercules-ci-effects": "hercules-ci-effects",
        "neovim-src": "neovim-src",
        "nixpkgs": "nixpkgs_3",
        "treefmt-nix": "treefmt-nix"
      },
      "locked": {
        "lastModified": 1760745913,
        "narHash": "sha256-r7Xd0zoNs+SjZtDLzFFAMkDnu6j05F4I5a+HWJG0eVE=",
        "owner": "nix-community",
        "repo": "neovim-nightly-overlay",
        "rev": "368a73654ebe1fe3620d6235ddf5add1ab93d9cb",
        "type": "github"
      },
      "original": {
        "owner": "nix-community",
        "repo": "neovim-nightly-overlay",
        "type": "github"
      }
    },
    "neovim-src": {
      "flake": false,
      "locked": {
        "lastModified": 1760680927,
        "narHash": "sha256-Odf4k6/tFYkPtS0mBH1uaeMmMuKLjfpNsvjRvNXc4Xw=",
        "owner": "neovim",
        "repo": "neovim",
        "rev": "a04c73ca071fdc2461365a8a10a314bd0d1d806d",
        "type": "github"
      },
      "original": {
        "owner": "neovim",
        "repo": "neovim",
        "type": "github"
      }
    },
    "nightfox-nvim": {
      "flake": false,
      "locked": {
        "lastModified": 1739121671,
        "narHash": "sha256-HoZEwncrUnypWxyB+XR0UQDv+tNu1/NbvimxYGb7qu8=",
        "owner": "EdenEast",
        "repo": "nightfox.nvim",
        "rev": "ba47d4b4c5ec308718641ba7402c143836f35aa9",
        "type": "github"
      },
      "original": {
        "owner": "EdenEast",
        "repo": "nightfox.nvim",
        "type": "github"
      }
    },
    "nixpkgs": {
      "locked": {
        "lastModified": 1760872779,
        "narHash": "sha256-c5C907Raf9eY8f1NUXYeju9aUDlm227s/V0OptEbypA=",
        "owner": "nixos",
        "repo": "nixpkgs",
        "rev": "63bdb5d90fa2fa11c42f9716ad1e23565613b07c",
        "type": "github"
      },
      "original": {
        "owner": "nixos",
        "ref": "nixpkgs-unstable",
        "repo": "nixpkgs",
        "type": "github"
      }
    },
    "nixpkgs-lib": {
      "locked": {
        "lastModified": 1754788789,
        "narHash": "sha256-x2rJ+Ovzq0sCMpgfgGaaqgBSwY+LST+WbZ6TytnT9Rk=",
        "owner": "nix-community",
        "repo": "nixpkgs.lib",
        "rev": "a73b9c743612e4244d865a2fdee11865283c04e6",
        "type": "github"
      },
      "original": {
        "owner": "nix-community",
        "repo": "nixpkgs.lib",
        "type": "github"
      }
    },
    "nixpkgs_2": {
      "locked": {
        "lastModified": 1753345091,
        "narHash": "sha256-CdX2Rtvp5I8HGu9swBmYuq+ILwRxpXdJwlpg8jvN4tU=",
        "owner": "nixos",
        "repo": "nixpkgs",
        "rev": "3ff0e34b1383648053bba8ed03f201d3466f90c9",
        "type": "github"
      },
      "original": {
        "owner": "nixos",
        "ref": "nixos-25.05",
        "repo": "nixpkgs",
        "type": "github"
      }
    },
    "nixpkgs_3": {
      "locked": {
        "lastModified": 1760596604,
        "narHash": "sha256-J/i5K6AAz/y5dBePHQOuzC7MbhyTOKsd/GLezSbEFiM=",
        "owner": "NixOS",
        "repo": "nixpkgs",
        "rev": "3cbe716e2346710d6e1f7c559363d14e11c32a43",
        "type": "github"
      },
      "original": {
        "owner": "NixOS",
        "ref": "nixpkgs-unstable",
        "repo": "nixpkgs",
        "type": "github"
      }
    },
    "nixpkgs_4": {
      "locked": {
        "lastModified": 1760596604,
        "narHash": "sha256-J/i5K6AAz/y5dBePHQOuzC7MbhyTOKsd/GLezSbEFiM=",
        "owner": "nixos",
        "repo": "nixpkgs",
        "rev": "3cbe716e2346710d6e1f7c559363d14e11c32a43",
        "type": "github"
      },
      "original": {
        "owner": "nixos",
        "ref": "nixpkgs-unstable",
        "repo": "nixpkgs",
        "type": "github"
      }
    },
    "nvim-lspconfig": {
      "flake": false,
      "locked": {
        "lastModified": 1760195097,
        "narHash": "sha256-hQjXs/VG4GV5yK54s72mTqLST/t1rlFAFE7NRr2dmVk=",
        "owner": "neovim",
        "repo": "nvim-lspconfig",
        "rev": "ac98db2f9f06a56498ec890a96928774eae412c3",
        "type": "github"
      },
      "original": {
        "owner": "neovim",
        "repo": "nvim-lspconfig",
        "type": "github"
      }
    },
    "ptags-nvim": {
      "inputs": {
        "flake-utils": "flake-utils_2",
        "nixpkgs": "nixpkgs_2",
        "pyproject-build-systems": "pyproject-build-systems",
        "pyproject-nix": "pyproject-nix",
        "uv2nix": "uv2nix"
      },
      "locked": {
        "lastModified": 1757769180,
        "narHash": "sha256-vnJTDA3aWTciHmL5XvgF+OeQlWixQTiTIT1xjFuPnmw=",
        "owner": "dkuettel",
        "repo": "ptags.nvim",
        "rev": "1044936923bb1ec38a219cd7706db95cb1f1793c",
        "type": "github"
      },
      "original": {
        "owner": "dkuettel",
        "repo": "ptags.nvim",
        "type": "github"
      }
    },
    "pyproject-build-systems": {
      "inputs": {
        "nixpkgs": [
          "ptags-nvim",
          "nixpkgs"
        ],
        "pyproject-nix": [
          "ptags-nvim",
          "pyproject-nix"
        ],
        "uv2nix": [
          "ptags-nvim",
          "uv2nix"
        ]
      },
      "locked": {
        "lastModified": 1753063383,
        "narHash": "sha256-H+gLv6424OjJSD+l1OU1ejxkN/v0U+yaoQdh2huCXYI=",
        "owner": "pyproject-nix",
        "repo": "build-system-pkgs",
        "rev": "45888b7fd4bf36c57acc55f07917bdf49ec89ec9",
        "type": "github"
      },
      "original": {
        "owner": "pyproject-nix",
        "repo": "build-system-pkgs",
        "type": "github"
      }
    },
    "pyproject-nix": {
      "inputs": {
        "nixpkgs": [
          "ptags-nvim",
          "nixpkgs"
        ]
      },
      "locked": {
        "lastModified": 1753063596,
        "narHash": "sha256-el1vFxDk6DR2hKGYnMfQHR7+K4aMiJDKQRMP3gdh+ZI=",
        "owner": "pyproject-nix",
        "repo": "pyproject.nix",
        "rev": "cac90713492f23be5f1072bae88406890b9c68f6",
        "type": "github"
      },
      "original": {
        "owner": "pyproject-nix",
        "repo": "pyproject.nix",
        "type": "github"
      }
    },
    "resty-vim": {
      "flake": false,
      "locked": {
        "lastModified": 1755454338,
        "narHash": "sha256-7CABjYC4QWFMWY3OybaqRMG5YN/gtBnntJzNeE2UJXs=",
        "owner": "lima1909",
        "repo": "resty.nvim",
        "rev": "1d03fa71616fc1d9bf412eb10ce7d08412bd9fd4",
        "type": "github"
      },
      "original": {
        "owner": "lima1909",
        "repo": "resty.nvim",
        "type": "github"
      }
    },
    "root": {
      "inputs": {
        "auspicious-autosave-nvim": "auspicious-autosave-nvim",
        "cmp-buffer-nvim": "cmp-buffer-nvim",
        "cmp-lsp-nvim": "cmp-lsp-nvim",
        "cmp-luasnip-nvim": "cmp-luasnip-nvim",
        "cmp-path-nvim": "cmp-path-nvim",
        "comment-nvim": "comment-nvim",
        "flake-utils": "flake-utils",
        "fugitive-nvim": "fugitive-nvim",
        "funky-contexts-nvim": "funky-contexts-nvim",
        "funky-formatter-nvim": "funky-formatter-nvim",
        "hop-nvim": "hop-nvim",
        "kmonad-vim": "kmonad-vim",
        "lavish-layouts-nvim": "lavish-layouts-nvim",
        "lspkind-nvim": "lspkind-nvim",
        "lualine-nvim": "lualine-nvim",
        "luasnip-nvim": "luasnip-nvim",
        "nightfox-nvim": "nightfox-nvim",
        "nixpkgs": "nixpkgs",
        "nvim-lspconfig": "nvim-lspconfig",
        "ptags-nvim": "ptags-nvim",
        "resty-vim": "resty-vim",
        "rustacean-nvim": "rustacean-nvim",
        "telescope-fzf-native-nvim": "telescope-fzf-native-nvim",
        "telescope-hop-nvim": "telescope-hop-nvim",
        "telescope-nvim": "telescope-nvim",
        "telescope-ui-select-nvim": "telescope-ui-select-nvim",
        "web-devicons-nvim": "web-devicons-nvim"
      }
    },
    "rustacean-nvim": {
      "inputs": {
        "flake-parts": "flake-parts",
        "gen-luarc": "gen-luarc",
        "git-hooks": "git-hooks",
        "neorocks": "neorocks",
        "nixpkgs": "nixpkgs_4",
        "vimcats": "vimcats"
      },
      "locked": {
        "lastModified": 1760833209,
        "narHash": "sha256-v6I795sIK5YTwPd4fv86rkcsmLMJ8qhiD4Ea6bdR+j0=",
        "owner": "mrcjkb",
        "repo": "rustaceanvim",
        "rev": "4c5fc771694ab09ec618ea2baabaf34420d86edb",
        "type": "github"
      },
      "original": {
        "owner": "mrcjkb",
        "repo": "rustaceanvim",
        "type": "github"
      }
    },
    "systems": {
      "locked": {
        "lastModified": 1681028828,
        "narHash": "sha256-Vy1rq5AaRuLzOxct8nz4T6wlgyUR7zLU309k9mBC768=",
        "owner": "nix-systems",
        "repo": "default",
        "rev": "da67096a3b9bf56a91d16901293e51ba5b49a27e",
        "type": "github"
      },
      "original": {
        "owner": "nix-systems",
        "repo": "default",
        "type": "github"
      }
    },
    "systems_2": {
      "locked": {
        "lastModified": 1681028828,
        "narHash": "sha256-Vy1rq5AaRuLzOxct8nz4T6wlgyUR7zLU309k9mBC768=",
        "owner": "nix-systems",
        "repo": "default",
        "rev": "da67096a3b9bf56a91d16901293e51ba5b49a27e",
        "type": "github"
      },
      "original": {
        "owner": "nix-systems",
        "repo": "default",
        "type": "github"
      }
    },
    "telescope-fzf-native-nvim": {
      "flake": false,
      "locked": {
        "lastModified": 1741765009,
        "narHash": "sha256-Zyv8ikxdwoUiDD0zsqLzfhBVOm/nKyJdZpndxXEB6ow=",
        "owner": "nvim-telescope",
        "repo": "telescope-fzf-native.nvim",
        "rev": "1f08ed60cafc8f6168b72b80be2b2ea149813e55",
        "type": "github"
      },
      "original": {
        "owner": "nvim-telescope",
        "repo": "telescope-fzf-native.nvim",
        "type": "github"
      }
    },
    "telescope-hop-nvim": {
      "flake": false,
      "locked": {
        "lastModified": 1636109078,
        "narHash": "sha256-OtCSjglHdXKj9EqnaTzw+4/L+op/lJ82CxlvxPLsee8=",
        "owner": "nvim-telescope",
        "repo": "telescope-hop.nvim",
        "rev": "337a1e9f08f972ebf7a7d26251577812ebaadc78",
        "type": "github"
      },
      "original": {
        "owner": "nvim-telescope",
        "repo": "telescope-hop.nvim",
        "type": "github"
      }
    },
    "telescope-nvim": {
      "flake": false,
      "locked": {
        "lastModified": 1747012888,
        "narHash": "sha256-JpW0ehsX81yVbKNzrYOe1hdgVMs6oaaxMLH6lECnOJg=",
        "owner": "nvim-telescope",
        "repo": "telescope.nvim",
        "rev": "b4da76be54691e854d3e0e02c36b0245f945c2c7",
        "type": "github"
      },
      "original": {
        "owner": "nvim-telescope",
        "repo": "telescope.nvim",
        "type": "github"
      }
    },
    "telescope-ui-select-nvim": {
      "flake": false,
      "locked": {
        "lastModified": 1701723223,
        "narHash": "sha256-YRhNmmG4gx9Ht8JwjQfbTjJyTHEuZmtP6lqnhOsk8bE=",
        "owner": "nvim-telescope",
        "repo": "telescope-ui-select.nvim",
        "rev": "6e51d7da30bd139a6950adf2a47fda6df9fa06d2",
        "type": "github"
      },
      "original": {
        "owner": "nvim-telescope",
        "repo": "telescope-ui-select.nvim",
        "type": "github"
      }
    },
    "treefmt-nix": {
      "inputs": {
        "nixpkgs": [
          "rustacean-nvim",
          "neorocks",
          "neovim-nightly",
          "nixpkgs"
        ]
      },
      "locked": {
        "lastModified": 1760120816,
        "narHash": "sha256-gq9rdocpmRZCwLS5vsHozwB6b5nrOBDNc2kkEaTXHfg=",
        "owner": "numtide",
        "repo": "treefmt-nix",
        "rev": "761ae7aff00907b607125b2f57338b74177697ed",
        "type": "github"
      },
      "original": {
        "owner": "numtide",
        "repo": "treefmt-nix",
        "type": "github"
      }
    },
    "uv2nix": {
      "inputs": {
        "nixpkgs": [
          "ptags-nvim",
          "nixpkgs"
        ],
        "pyproject-nix": [
          "ptags-nvim",
          "pyproject-nix"
        ]
      },
      "locked": {
        "lastModified": 1753400079,
        "narHash": "sha256-VC76rfCgtaKPopaLOyAEZ80bpOTQDr7wEZRUCMjoacE=",
        "owner": "pyproject-nix",
        "repo": "uv2nix",
        "rev": "350ae196e0e414c03db118d385eabaf50e2a0a53",
        "type": "github"
      },
      "original": {
        "owner": "pyproject-nix",
        "repo": "uv2nix",
        "type": "github"
      }
    },
    "vimcats": {
      "inputs": {
        "flake-parts": [
          "rustacean-nvim",
          "flake-parts"
        ],
        "git-hooks": [
          "rustacean-nvim",
          "git-hooks"
        ],
        "nixpkgs": [
          "rustacean-nvim",
          "nixpkgs"
        ]
      },
      "locked": {
        "lastModified": 1747309459,
        "narHash": "sha256-BW1pU7NnW8yWePV0IQOUmcNa13NvV9lOZhfnEdQFBQQ=",
        "owner": "mrcjkb",
        "repo": "vimcats",
        "rev": "60dfc68af5e30cf50475b0a2c64ee2bc8922a727",
        "type": "github"
      },
      "original": {
        "owner": "mrcjkb",
        "repo": "vimcats",
        "type": "github"
      }
    },
    "web-devicons-nvim": {
      "flake": false,
      "locked": {
        "lastModified": 1759188261,
        "narHash": "sha256-lVrakFrpIP9lp7sMfMb33KeMPIkcn1qBFVytJzKCfuE=",
        "owner": "nvim-tree",
        "repo": "nvim-web-devicons",
        "rev": "b8221e42cf7287c4dcde81f232f58d7b947c210d",
        "type": "github"
      },
      "original": {
        "owner": "nvim-tree",
        "repo": "nvim-web-devicons",
        "type": "github"
      }
    }
  },
  "root": "root",
  "version": 7
}
